// !$*UTF8*$!
{
	archiveVersion = 1;
	classes = {
	};
	objectVersion = 46;
	objects = {

/* Begin PBXBuildFile section */
		811AF68819245CF000B0F19F /* Foundation.framework in Frameworks */ = {isa = PBXBuildFile; fileRef = 811AF68719245CF000B0F19F /* Foundation.framework */; };
		811AF68A19245CF000B0F19F /* CoreGraphics.framework in Frameworks */ = {isa = PBXBuildFile; fileRef = 811AF68919245CF000B0F19F /* CoreGraphics.framework */; };
		811AF68C19245CF000B0F19F /* UIKit.framework in Frameworks */ = {isa = PBXBuildFile; fileRef = 811AF68B19245CF000B0F19F /* UIKit.framework */; };
		811AF69219245CF000B0F19F /* InfoPlist.strings in Resources */ = {isa = PBXBuildFile; fileRef = 811AF69019245CF000B0F19F /* InfoPlist.strings */; };
		811AF69419245CF000B0F19F /* main.m in Sources */ = {isa = PBXBuildFile; fileRef = 811AF69319245CF000B0F19F /* main.m */; };
		811AF69819245CF000B0F19F /* AppDelegate.m in Sources */ = {isa = PBXBuildFile; fileRef = 811AF69719245CF000B0F19F /* AppDelegate.m */; };
		811AF69A19245CF000B0F19F /* Images.xcassets in Resources */ = {isa = PBXBuildFile; fileRef = 811AF69919245CF000B0F19F /* Images.xcassets */; };
		811AF6A119245CF000B0F19F /* XCTest.framework in Frameworks */ = {isa = PBXBuildFile; fileRef = 811AF6A019245CF000B0F19F /* XCTest.framework */; };
		811AF6A219245CF000B0F19F /* Foundation.framework in Frameworks */ = {isa = PBXBuildFile; fileRef = 811AF68719245CF000B0F19F /* Foundation.framework */; };
		811AF6A319245CF000B0F19F /* UIKit.framework in Frameworks */ = {isa = PBXBuildFile; fileRef = 811AF68B19245CF000B0F19F /* UIKit.framework */; };
		811AF6AB19245CF000B0F19F /* InfoPlist.strings in Resources */ = {isa = PBXBuildFile; fileRef = 811AF6A919245CF000B0F19F /* InfoPlist.strings */; };
		811AF6AD19245CF000B0F19F /* HitchHikeTests.m in Sources */ = {isa = PBXBuildFile; fileRef = 811AF6AC19245CF000B0F19F /* HitchHikeTests.m */; };
		811AF6B919245D3000B0F19F /* Parse.framework in Frameworks */ = {isa = PBXBuildFile; fileRef = 811AF6B819245D3000B0F19F /* Parse.framework */; };
		811AF6BB19245D5500B0F19F /* AudioToolbox.framework in Frameworks */ = {isa = PBXBuildFile; fileRef = 811AF6BA19245D5500B0F19F /* AudioToolbox.framework */; };
		811AF6BD19245D5F00B0F19F /* CFNetwork.framework in Frameworks */ = {isa = PBXBuildFile; fileRef = 811AF6BC19245D5F00B0F19F /* CFNetwork.framework */; };
		811AF6BF19245D7100B0F19F /* CoreLocation.framework in Frameworks */ = {isa = PBXBuildFile; fileRef = 811AF6BE19245D7100B0F19F /* CoreLocation.framework */; };
		811AF6C119245D7A00B0F19F /* libz.dylib in Frameworks */ = {isa = PBXBuildFile; fileRef = 811AF6C019245D7A00B0F19F /* libz.dylib */; };
		811AF6C319245D8300B0F19F /* MobileCoreServices.framework in Frameworks */ = {isa = PBXBuildFile; fileRef = 811AF6C219245D8300B0F19F /* MobileCoreServices.framework */; };
		811AF6C519245DC400B0F19F /* QuartzCore.framework in Frameworks */ = {isa = PBXBuildFile; fileRef = 811AF6C419245DC400B0F19F /* QuartzCore.framework */; };
		811AF6C719245DCE00B0F19F /* Security.framework in Frameworks */ = {isa = PBXBuildFile; fileRef = 811AF6C619245DCE00B0F19F /* Security.framework */; };
		811AF6C919245DD600B0F19F /* StoreKit.framework in Frameworks */ = {isa = PBXBuildFile; fileRef = 811AF6C819245DD600B0F19F /* StoreKit.framework */; };
		811AF6CB19245DDF00B0F19F /* SystemConfiguration.framework in Frameworks */ = {isa = PBXBuildFile; fileRef = 811AF6CA19245DDF00B0F19F /* SystemConfiguration.framework */; };
		811AF6CF19245ECC00B0F19F /* MainStoryboard.storyboard in Resources */ = {isa = PBXBuildFile; fileRef = 811AF6CE19245ECC00B0F19F /* MainStoryboard.storyboard */; };
		811AF6D519245F2F00B0F19F /* LocationCache.m in Sources */ = {isa = PBXBuildFile; fileRef = 811AF6D419245F2F00B0F19F /* LocationCache.m */; };
		811AF6D919245F6800B0F19F /* Location.m in Sources */ = {isa = PBXBuildFile; fileRef = 811AF6D819245F6800B0F19F /* Location.m */; };
		811AF6DD19245FA900B0F19F /* placeHolder.jpg in Resources */ = {isa = PBXBuildFile; fileRef = 811AF6DC19245FA900B0F19F /* placeHolder.jpg */; };
		811AF6E119245FD100B0F19F /* HomeViewController.m in Sources */ = {isa = PBXBuildFile; fileRef = 811AF6E019245FD100B0F19F /* HomeViewController.m */; };
		811AF6E519245FF200B0F19F /* MainTableViewCells.m in Sources */ = {isa = PBXBuildFile; fileRef = 811AF6E419245FF200B0F19F /* MainTableViewCells.m */; };
		811AF6E71924618A00B0F19F /* Storyboard.storyboard in Resources */ = {isa = PBXBuildFile; fileRef = 811AF6E61924618A00B0F19F /* Storyboard.storyboard */; };
/* End PBXBuildFile section */

/* Begin PBXContainerItemProxy section */
		811AF6A419245CF000B0F19F /* PBXContainerItemProxy */ = {
			isa = PBXContainerItemProxy;
			containerPortal = 811AF67C19245CF000B0F19F /* Project object */;
			proxyType = 1;
			remoteGlobalIDString = 811AF68319245CF000B0F19F;
			remoteInfo = HitchHike;
		};
/* End PBXContainerItemProxy section */

/* Begin PBXFileReference section */
		811AF68419245CF000B0F19F /* HitchHike.app */ = {isa = PBXFileReference; explicitFileType = wrapper.application; includeInIndex = 0; path = HitchHike.app; sourceTree = BUILT_PRODUCTS_DIR; };
		811AF68719245CF000B0F19F /* Foundation.framework */ = {isa = PBXFileReference; lastKnownFileType = wrapper.framework; name = Foundation.framework; path = System/Library/Frameworks/Foundation.framework; sourceTree = SDKROOT; };
		811AF68919245CF000B0F19F /* CoreGraphics.framework */ = {isa = PBXFileReference; lastKnownFileType = wrapper.framework; name = CoreGraphics.framework; path = System/Library/Frameworks/CoreGraphics.framework; sourceTree = SDKROOT; };
		811AF68B19245CF000B0F19F /* UIKit.framework */ = {isa = PBXFileReference; lastKnownFileType = wrapper.framework; name = UIKit.framework; path = System/Library/Frameworks/UIKit.framework; sourceTree = SDKROOT; };
		811AF68F19245CF000B0F19F /* HitchHike-Info.plist */ = {isa = PBXFileReference; lastKnownFileType = text.plist.xml; path = "HitchHike-Info.plist"; sourceTree = "<group>"; };
		811AF69119245CF000B0F19F /* en */ = {isa = PBXFileReference; lastKnownFileType = text.plist.strings; name = en; path = en.lproj/InfoPlist.strings; sourceTree = "<group>"; };
		811AF69319245CF000B0F19F /* main.m */ = {isa = PBXFileReference; lastKnownFileType = sourcecode.c.objc; path = main.m; sourceTree = "<group>"; };
		811AF69519245CF000B0F19F /* HitchHike-Prefix.pch */ = {isa = PBXFileReference; lastKnownFileType = sourcecode.c.h; path = "HitchHike-Prefix.pch"; sourceTree = "<group>"; };
		811AF69619245CF000B0F19F /* AppDelegate.h */ = {isa = PBXFileReference; lastKnownFileType = sourcecode.c.h; path = AppDelegate.h; sourceTree = "<group>"; };
		811AF69719245CF000B0F19F /* AppDelegate.m */ = {isa = PBXFileReference; lastKnownFileType = sourcecode.c.objc; path = AppDelegate.m; sourceTree = "<group>"; };
		811AF69919245CF000B0F19F /* Images.xcassets */ = {isa = PBXFileReference; lastKnownFileType = folder.assetcatalog; path = Images.xcassets; sourceTree = "<group>"; };
		811AF69F19245CF000B0F19F /* HitchHikeTests.xctest */ = {isa = PBXFileReference; explicitFileType = wrapper.cfbundle; includeInIndex = 0; path = HitchHikeTests.xctest; sourceTree = BUILT_PRODUCTS_DIR; };
		811AF6A019245CF000B0F19F /* XCTest.framework */ = {isa = PBXFileReference; lastKnownFileType = wrapper.framework; name = XCTest.framework; path = Library/Frameworks/XCTest.framework; sourceTree = DEVELOPER_DIR; };
		811AF6A819245CF000B0F19F /* HitchHikeTests-Info.plist */ = {isa = PBXFileReference; lastKnownFileType = text.plist.xml; path = "HitchHikeTests-Info.plist"; sourceTree = "<group>"; };
		811AF6AA19245CF000B0F19F /* en */ = {isa = PBXFileReference; lastKnownFileType = text.plist.strings; name = en; path = en.lproj/InfoPlist.strings; sourceTree = "<group>"; };
		811AF6AC19245CF000B0F19F /* HitchHikeTests.m */ = {isa = PBXFileReference; lastKnownFileType = sourcecode.c.objc; path = HitchHikeTests.m; sourceTree = "<group>"; };
		811AF6B819245D3000B0F19F /* Parse.framework */ = {isa = PBXFileReference; lastKnownFileType = wrapper.framework; path = Parse.framework; sourceTree = "<group>"; };
		811AF6BA19245D5500B0F19F /* AudioToolbox.framework */ = {isa = PBXFileReference; lastKnownFileType = wrapper.framework; name = AudioToolbox.framework; path = System/Library/Frameworks/AudioToolbox.framework; sourceTree = SDKROOT; };
		811AF6BC19245D5F00B0F19F /* CFNetwork.framework */ = {isa = PBXFileReference; lastKnownFileType = wrapper.framework; name = CFNetwork.framework; path = System/Library/Frameworks/CFNetwork.framework; sourceTree = SDKROOT; };
		811AF6BE19245D7100B0F19F /* CoreLocation.framework */ = {isa = PBXFileReference; lastKnownFileType = wrapper.framework; name = CoreLocation.framework; path = System/Library/Frameworks/CoreLocation.framework; sourceTree = SDKROOT; };
		811AF6C019245D7A00B0F19F /* libz.dylib */ = {isa = PBXFileReference; lastKnownFileType = "compiled.mach-o.dylib"; name = libz.dylib; path = usr/lib/libz.dylib; sourceTree = SDKROOT; };
		811AF6C219245D8300B0F19F /* MobileCoreServices.framework */ = {isa = PBXFileReference; lastKnownFileType = wrapper.framework; name = MobileCoreServices.framework; path = System/Library/Frameworks/MobileCoreServices.framework; sourceTree = SDKROOT; };
		811AF6C419245DC400B0F19F /* QuartzCore.framework */ = {isa = PBXFileReference; lastKnownFileType = wrapper.framework; name = QuartzCore.framework; path = System/Library/Frameworks/QuartzCore.framework; sourceTree = SDKROOT; };
		811AF6C619245DCE00B0F19F /* Security.framework */ = {isa = PBXFileReference; lastKnownFileType = wrapper.framework; name = Security.framework; path = System/Library/Frameworks/Security.framework; sourceTree = SDKROOT; };
		811AF6C819245DD600B0F19F /* StoreKit.framework */ = {isa = PBXFileReference; lastKnownFileType = wrapper.framework; name = StoreKit.framework; path = System/Library/Frameworks/StoreKit.framework; sourceTree = SDKROOT; };
		811AF6CA19245DDF00B0F19F /* SystemConfiguration.framework */ = {isa = PBXFileReference; lastKnownFileType = wrapper.framework; name = SystemConfiguration.framework; path = System/Library/Frameworks/SystemConfiguration.framework; sourceTree = SDKROOT; };
		811AF6CE19245ECC00B0F19F /* MainStoryboard.storyboard */ = {isa = PBXFileReference; fileEncoding = 4; lastKnownFileType = file.storyboard; path = MainStoryboard.storyboard; sourceTree = "<group>"; };
		811AF6D319245F2F00B0F19F /* LocationCache.h */ = {isa = PBXFileReference; fileEncoding = 4; lastKnownFileType = sourcecode.c.h; path = LocationCache.h; sourceTree = "<group>"; };
		811AF6D419245F2F00B0F19F /* LocationCache.m */ = {isa = PBXFileReference; fileEncoding = 4; lastKnownFileType = sourcecode.c.objc; path = LocationCache.m; sourceTree = "<group>"; };
		811AF6D719245F6800B0F19F /* Location.h */ = {isa = PBXFileReference; fileEncoding = 4; lastKnownFileType = sourcecode.c.h; path = Location.h; sourceTree = "<group>"; };
		811AF6D819245F6800B0F19F /* Location.m */ = {isa = PBXFileReference; fileEncoding = 4; lastKnownFileType = sourcecode.c.objc; path = Location.m; sourceTree = "<group>"; };
		811AF6DC19245FA900B0F19F /* placeHolder.jpg */ = {isa = PBXFileReference; lastKnownFileType = image.jpeg; path = placeHolder.jpg; sourceTree = "<group>"; };
		811AF6DF19245FD100B0F19F /* HomeViewController.h */ = {isa = PBXFileReference; fileEncoding = 4; lastKnownFileType = sourcecode.c.h; path = HomeViewController.h; sourceTree = "<group>"; };
		811AF6E019245FD100B0F19F /* HomeViewController.m */ = {isa = PBXFileReference; fileEncoding = 4; lastKnownFileType = sourcecode.c.objc; path = HomeViewController.m; sourceTree = "<group>"; };
		811AF6E319245FF200B0F19F /* MainTableViewCells.h */ = {isa = PBXFileReference; fileEncoding = 4; lastKnownFileType = sourcecode.c.h; path = MainTableViewCells.h; sourceTree = "<group>"; };
		811AF6E419245FF200B0F19F /* MainTableViewCells.m */ = {isa = PBXFileReference; fileEncoding = 4; lastKnownFileType = sourcecode.c.objc; path = MainTableViewCells.m; sourceTree = "<group>"; };
		811AF6E61924618A00B0F19F /* Storyboard.storyboard */ = {isa = PBXFileReference; fileEncoding = 4; lastKnownFileType = file.storyboard; path = Storyboard.storyboard; sourceTree = "<group>"; };
/* End PBXFileReference section */

/* Begin PBXFrameworksBuildPhase section */
		811AF68119245CF000B0F19F /* Frameworks */ = {
			isa = PBXFrameworksBuildPhase;
			buildActionMask = 2147483647;
			files = (
				811AF6CB19245DDF00B0F19F /* SystemConfiguration.framework in Frameworks */,
				811AF6C919245DD600B0F19F /* StoreKit.framework in Frameworks */,
				811AF6C719245DCE00B0F19F /* Security.framework in Frameworks */,
				811AF6C519245DC400B0F19F /* QuartzCore.framework in Frameworks */,
				811AF6C319245D8300B0F19F /* MobileCoreServices.framework in Frameworks */,
				811AF6C119245D7A00B0F19F /* libz.dylib in Frameworks */,
				811AF6BF19245D7100B0F19F /* CoreLocation.framework in Frameworks */,
				811AF68A19245CF000B0F19F /* CoreGraphics.framework in Frameworks */,
				811AF6BD19245D5F00B0F19F /* CFNetwork.framework in Frameworks */,
				811AF6BB19245D5500B0F19F /* AudioToolbox.framework in Frameworks */,
				811AF68C19245CF000B0F19F /* UIKit.framework in Frameworks */,
				811AF6B919245D3000B0F19F /* Parse.framework in Frameworks */,
				811AF68819245CF000B0F19F /* Foundation.framework in Frameworks */,
			);
			runOnlyForDeploymentPostprocessing = 0;
		};
		811AF69C19245CF000B0F19F /* Frameworks */ = {
			isa = PBXFrameworksBuildPhase;
			buildActionMask = 2147483647;
			files = (
				811AF6A119245CF000B0F19F /* XCTest.framework in Frameworks */,
				811AF6A319245CF000B0F19F /* UIKit.framework in Frameworks */,
				811AF6A219245CF000B0F19F /* Foundation.framework in Frameworks */,
			);
			runOnlyForDeploymentPostprocessing = 0;
		};
/* End PBXFrameworksBuildPhase section */

/* Begin PBXGroup section */
		811AF67B19245CF000B0F19F = {
			isa = PBXGroup;
			children = (
				811AF68D19245CF000B0F19F /* HitchHike */,
				811AF6A619245CF000B0F19F /* HitchHikeTests */,
				811AF68619245CF000B0F19F /* Frameworks */,
				811AF68519245CF000B0F19F /* Products */,
			);
			sourceTree = "<group>";
		};
		811AF68519245CF000B0F19F /* Products */ = {
			isa = PBXGroup;
			children = (
				811AF68419245CF000B0F19F /* HitchHike.app */,
				811AF69F19245CF000B0F19F /* HitchHikeTests.xctest */,
			);
			name = Products;
			sourceTree = "<group>";
		};
		811AF68619245CF000B0F19F /* Frameworks */ = {
			isa = PBXGroup;
			children = (
				811AF6CA19245DDF00B0F19F /* SystemConfiguration.framework */,
				811AF6C819245DD600B0F19F /* StoreKit.framework */,
				811AF6C619245DCE00B0F19F /* Security.framework */,
				811AF6C419245DC400B0F19F /* QuartzCore.framework */,
				811AF6C219245D8300B0F19F /* MobileCoreServices.framework */,
				811AF6C019245D7A00B0F19F /* libz.dylib */,
				811AF6BE19245D7100B0F19F /* CoreLocation.framework */,
				811AF6BC19245D5F00B0F19F /* CFNetwork.framework */,
				811AF6BA19245D5500B0F19F /* AudioToolbox.framework */,
				811AF6B819245D3000B0F19F /* Parse.framework */,
				811AF68719245CF000B0F19F /* Foundation.framework */,
				811AF68919245CF000B0F19F /* CoreGraphics.framework */,
				811AF68B19245CF000B0F19F /* UIKit.framework */,
				811AF6A019245CF000B0F19F /* XCTest.framework */,
			);
			name = Frameworks;
			sourceTree = "<group>";
		};
		811AF68D19245CF000B0F19F /* HitchHike */ = {
			isa = PBXGroup;
			children = (
				811AF6D119245F0F00B0F19F /* Models */,
				811AF6CD19245EA400B0F19F /* Interface */,
				811AF6CC19245E2900B0F19F /* Application Delegate */,
				811AF69919245CF000B0F19F /* Images.xcassets */,
				811AF68E19245CF000B0F19F /* Supporting Files */,
			);
			path = HitchHike;
			sourceTree = "<group>";
		};
		811AF68E19245CF000B0F19F /* Supporting Files */ = {
			isa = PBXGroup;
			children = (
				811AF68F19245CF000B0F19F /* HitchHike-Info.plist */,
				811AF69019245CF000B0F19F /* InfoPlist.strings */,
				811AF69319245CF000B0F19F /* main.m */,
				811AF69519245CF000B0F19F /* HitchHike-Prefix.pch */,
			);
			name = "Supporting Files";
			sourceTree = "<group>";
		};
		811AF6A619245CF000B0F19F /* HitchHikeTests */ = {
			isa = PBXGroup;
			children = (
				811AF6AC19245CF000B0F19F /* HitchHikeTests.m */,
				811AF6A719245CF000B0F19F /* Supporting Files */,
			);
			path = HitchHikeTests;
			sourceTree = "<group>";
		};
		811AF6A719245CF000B0F19F /* Supporting Files */ = {
			isa = PBXGroup;
			children = (
				811AF6A819245CF000B0F19F /* HitchHikeTests-Info.plist */,
				811AF6A919245CF000B0F19F /* InfoPlist.strings */,
			);
			name = "Supporting Files";
			sourceTree = "<group>";
		};
		811AF6CC19245E2900B0F19F /* Application Delegate */ = {
			isa = PBXGroup;
			children = (
				811AF69619245CF000B0F19F /* AppDelegate.h */,
				811AF69719245CF000B0F19F /* AppDelegate.m */,
			);
			name = "Application Delegate";
			sourceTree = "<group>";
		};
		811AF6CD19245EA400B0F19F /* Interface */ = {
			isa = PBXGroup;
			children = (
				811AF6DA19245F8B00B0F19F /* HomeViewController */,
				811AF6D019245EE800B0F19F /* Storyboard */,
			);
			name = Interface;
			sourceTree = "<group>";
		};
		811AF6D019245EE800B0F19F /* Storyboard */ = {
			isa = PBXGroup;
			children = (
				811AF6CE19245ECC00B0F19F /* MainStoryboard.storyboard */,
				811AF6E61924618A00B0F19F /* Storyboard.storyboard */,
			);
			name = Storyboard;
			sourceTree = "<group>";
		};
		811AF6D119245F0F00B0F19F /* Models */ = {
			isa = PBXGroup;
			children = (
				811AF6D619245F5400B0F19F /* Location */,
				811AF6D219245F1A00B0F19F /* LocationCache */,
			);
			name = Models;
			sourceTree = "<group>";
		};
		811AF6D219245F1A00B0F19F /* LocationCache */ = {
			isa = PBXGroup;
			children = (
				811AF6D319245F2F00B0F19F /* LocationCache.h */,
				811AF6D419245F2F00B0F19F /* LocationCache.m */,
			);
			name = LocationCache;
			sourceTree = "<group>";
		};
		811AF6D619245F5400B0F19F /* Location */ = {
			isa = PBXGroup;
			children = (
				811AF6D719245F6800B0F19F /* Location.h */,
				811AF6D819245F6800B0F19F /* Location.m */,
			);
			name = Location;
			sourceTree = "<group>";
		};
		811AF6DA19245F8B00B0F19F /* HomeViewController */ = {
			isa = PBXGroup;
			children = (
				811AF6E219245FDB00B0F19F /* TableViewCells */,
				811AF6DE19245FAE00B0F19F /* View */,
				811AF6DB19245FA100B0F19F /* Images */,
			);
			name = HomeViewController;
			sourceTree = "<group>";
		};
		811AF6DB19245FA100B0F19F /* Images */ = {
			isa = PBXGroup;
			children = (
				811AF6DC19245FA900B0F19F /* placeHolder.jpg */,
			);
			name = Images;
			sourceTree = "<group>";
		};
		811AF6DE19245FAE00B0F19F /* View */ = {
			isa = PBXGroup;
			children = (
				811AF6DF19245FD100B0F19F /* HomeViewController.h */,
				811AF6E019245FD100B0F19F /* HomeViewController.m */,
			);
			name = View;
			sourceTree = "<group>";
		};
		811AF6E219245FDB00B0F19F /* TableViewCells */ = {
			isa = PBXGroup;
			children = (
				811AF6E319245FF200B0F19F /* MainTableViewCells.h */,
				811AF6E419245FF200B0F19F /* MainTableViewCells.m */,
			);
			name = TableViewCells;
			sourceTree = "<group>";
		};
/* End PBXGroup section */

/* Begin PBXNativeTarget section */
		811AF68319245CF000B0F19F /* HitchHike */ = {
			isa = PBXNativeTarget;
			buildConfigurationList = 811AF6B019245CF000B0F19F /* Build configuration list for PBXNativeTarget "HitchHike" */;
			buildPhases = (
				811AF68019245CF000B0F19F /* Sources */,
				811AF68119245CF000B0F19F /* Frameworks */,
				811AF68219245CF000B0F19F /* Resources */,
			);
			buildRules = (
			);
			dependencies = (
			);
			name = HitchHike;
			productName = HitchHike;
			productReference = 811AF68419245CF000B0F19F /* HitchHike.app */;
			productType = "com.apple.product-type.application";
		};
		811AF69E19245CF000B0F19F /* HitchHikeTests */ = {
			isa = PBXNativeTarget;
			buildConfigurationList = 811AF6B319245CF000B0F19F /* Build configuration list for PBXNativeTarget "HitchHikeTests" */;
			buildPhases = (
				811AF69B19245CF000B0F19F /* Sources */,
				811AF69C19245CF000B0F19F /* Frameworks */,
				811AF69D19245CF000B0F19F /* Resources */,
			);
			buildRules = (
			);
			dependencies = (
				811AF6A519245CF000B0F19F /* PBXTargetDependency */,
			);
			name = HitchHikeTests;
			productName = HitchHikeTests;
			productReference = 811AF69F19245CF000B0F19F /* HitchHikeTests.xctest */;
			productType = "com.apple.product-type.bundle.unit-test";
		};
/* End PBXNativeTarget section */

/* Begin PBXProject section */
		811AF67C19245CF000B0F19F /* Project object */ = {
			isa = PBXProject;
			attributes = {
				LastUpgradeCheck = 0510;
				ORGANIZATIONNAME = "Blake McMillian";
				TargetAttributes = {
					811AF69E19245CF000B0F19F = {
						TestTargetID = 811AF68319245CF000B0F19F;
					};
				};
			};
			buildConfigurationList = 811AF67F19245CF000B0F19F /* Build configuration list for PBXProject "HitchHike" */;
			compatibilityVersion = "Xcode 3.2";
			developmentRegion = English;
			hasScannedForEncodings = 0;
			knownRegions = (
				en,
			);
			mainGroup = 811AF67B19245CF000B0F19F;
			productRefGroup = 811AF68519245CF000B0F19F /* Products */;
			projectDirPath = "";
			projectRoot = "";
			targets = (
				811AF68319245CF000B0F19F /* HitchHike */,
				811AF69E19245CF000B0F19F /* HitchHikeTests */,
			);
		};
/* End PBXProject section */

/* Begin PBXResourcesBuildPhase section */
		811AF68219245CF000B0F19F /* Resources */ = {
			isa = PBXResourcesBuildPhase;
			buildActionMask = 2147483647;
			files = (
				811AF6CF19245ECC00B0F19F /* MainStoryboard.storyboard in Resources */,
				811AF6DD19245FA900B0F19F /* placeHolder.jpg in Resources */,
				811AF69219245CF000B0F19F /* InfoPlist.strings in Resources */,
				811AF69A19245CF000B0F19F /* Images.xcassets in Resources */,
				811AF6E71924618A00B0F19F /* Storyboard.storyboard in Resources */,
			);
			runOnlyForDeploymentPostprocessing = 0;
		};
		811AF69D19245CF000B0F19F /* Resources */ = {
			isa = PBXResourcesBuildPhase;
			buildActionMask = 2147483647;
			files = (
				811AF6AB19245CF000B0F19F /* InfoPlist.strings in Resources */,
			);
			runOnlyForDeploymentPostprocessing = 0;
		};
/* End PBXResourcesBuildPhase section */

/* Begin PBXSourcesBuildPhase section */
		811AF68019245CF000B0F19F /* Sources */ = {
			isa = PBXSourcesBuildPhase;
			buildActionMask = 2147483647;
			files = (
				811AF69819245CF000B0F19F /* AppDelegate.m in Sources */,
				811AF6D519245F2F00B0F19F /* LocationCache.m in Sources */,
				811AF6D919245F6800B0F19F /* Location.m in Sources */,
				811AF6E119245FD100B0F19F /* HomeViewController.m in Sources */,
				811AF6E519245FF200B0F19F /* MainTableViewCells.m in Sources */,
				811AF69419245CF000B0F19F /* main.m in Sources */,
			);
			runOnlyForDeploymentPostprocessing = 0;
		};
		811AF69B19245CF000B0F19F /* Sources */ = {
			isa = PBXSourcesBuildPhase;
			buildActionMask = 2147483647;
			files = (
				811AF6AD19245CF000B0F19F /* HitchHikeTests.m in Sources */,
			);
			runOnlyForDeploymentPostprocessing = 0;
		};
/* End PBXSourcesBuildPhase section */

/* Begin PBXTargetDependency section */
		811AF6A519245CF000B0F19F /* PBXTargetDependency */ = {
			isa = PBXTargetDependency;
			target = 811AF68319245CF000B0F19F /* HitchHike */;
			targetProxy = 811AF6A419245CF000B0F19F /* PBXContainerItemProxy */;
		};
/* End PBXTargetDependency section */

/* Begin PBXVariantGroup section */
		811AF69019245CF000B0F19F /* InfoPlist.strings */ = {
			isa = PBXVariantGroup;
			children = (
				811AF69119245CF000B0F19F /* en */,
			);
			name = InfoPlist.strings;
			sourceTree = "<group>";
		};
		811AF6A919245CF000B0F19F /* InfoPlist.strings */ = {
			isa = PBXVariantGroup;
			children = (
				811AF6AA19245CF000B0F19F /* en */,
			);
			name = InfoPlist.strings;
			sourceTree = "<group>";
		};
/* End PBXVariantGroup section */

/* Begin XCBuildConfiguration section */
		811AF6AE19245CF000B0F19F /* Debug */ = {
			isa = XCBuildConfiguration;
			buildSettings = {
				ALWAYS_SEARCH_USER_PATHS = NO;
				CLANG_CXX_LANGUAGE_STANDARD = "gnu++0x";
				CLANG_CXX_LIBRARY = "libc++";
				CLANG_ENABLE_MODULES = YES;
				CLANG_ENABLE_OBJC_ARC = YES;
				CLANG_WARN_BOOL_CONVERSION = YES;
				CLANG_WARN_CONSTANT_CONVERSION = YES;
				CLANG_WARN_DIRECT_OBJC_ISA_USAGE = YES_ERROR;
				CLANG_WARN_EMPTY_BODY = YES;
				CLANG_WARN_ENUM_CONVERSION = YES;
				CLANG_WARN_INT_CONVERSION = YES;
				CLANG_WARN_OBJC_ROOT_CLASS = YES_ERROR;
				CLANG_WARN__DUPLICATE_METHOD_MATCH = YES;
				"CODE_SIGN_IDENTITY[sdk=iphoneos*]" = "iPhone Developer";
				COPY_PHASE_STRIP = NO;
				GCC_C_LANGUAGE_STANDARD = gnu99;
				GCC_DYNAMIC_NO_PIC = NO;
				GCC_OPTIMIZATION_LEVEL = 0;
				GCC_PREPROCESSOR_DEFINITIONS = (
					"DEBUG=1",
					"$(inherited)",
				);
				GCC_SYMBOLS_PRIVATE_EXTERN = NO;
				GCC_WARN_64_TO_32_BIT_CONVERSION = YES;
				GCC_WARN_ABOUT_RETURN_TYPE = YES_ERROR;
				GCC_WARN_UNDECLARED_SELECTOR = YES;
				GCC_WARN_UNINITIALIZED_AUTOS = YES_AGGRESSIVE;
				GCC_WARN_UNUSED_FUNCTION = YES;
				GCC_WARN_UNUSED_VARIABLE = YES;
				IPHONEOS_DEPLOYMENT_TARGET = 7.1;
				ONLY_ACTIVE_ARCH = YES;
				SDKROOT = iphoneos;
				TARGETED_DEVICE_FAMILY = "1,2";
			};
			name = Debug;
		};
		811AF6AF19245CF000B0F19F /* Release */ = {
			isa = XCBuildConfiguration;
			buildSettings = {
				ALWAYS_SEARCH_USER_PATHS = NO;
				CLANG_CXX_LANGUAGE_STANDARD = "gnu++0x";
				CLANG_CXX_LIBRARY = "libc++";
				CLANG_ENABLE_MODULES = YES;
				CLANG_ENABLE_OBJC_ARC = YES;
				CLANG_WARN_BOOL_CONVERSION = YES;
				CLANG_WARN_CONSTANT_CONVERSION = YES;
				CLANG_WARN_DIRECT_OBJC_ISA_USAGE = YES_ERROR;
				CLANG_WARN_EMPTY_BODY = YES;
				CLANG_WARN_ENUM_CONVERSION = YES;
				CLANG_WARN_INT_CONVERSION = YES;
				CLANG_WARN_OBJC_ROOT_CLASS = YES_ERROR;
				CLANG_WARN__DUPLICATE_METHOD_MATCH = YES;
				"CODE_SIGN_IDENTITY[sdk=iphoneos*]" = "iPhone Developer";
				COPY_PHASE_STRIP = YES;
				ENABLE_NS_ASSERTIONS = NO;
				GCC_C_LANGUAGE_STANDARD = gnu99;
				GCC_WARN_64_TO_32_BIT_CONVERSION = YES;
				GCC_WARN_ABOUT_RETURN_TYPE = YES_ERROR;
				GCC_WARN_UNDECLARED_SELECTOR = YES;
				GCC_WARN_UNINITIALIZED_AUTOS = YES_AGGRESSIVE;
				GCC_WARN_UNUSED_FUNCTION = YES;
				GCC_WARN_UNUSED_VARIABLE = YES;
				IPHONEOS_DEPLOYMENT_TARGET = 7.1;
				SDKROOT = iphoneos;
				TARGETED_DEVICE_FAMILY = "1,2";
				VALIDATE_PRODUCT = YES;
			};
			name = Release;
		};
		811AF6B119245CF000B0F19F /* Debug */ = {
			isa = XCBuildConfiguration;
			buildSettings = {
				ASSETCATALOG_COMPILER_APPICON_NAME = AppIcon;
				ASSETCATALOG_COMPILER_LAUNCHIMAGE_NAME = LaunchImage;
				FRAMEWORK_SEARCH_PATHS = (
					"$(inherited)",
					/Users/BMaC/Desktop,
					"$(PROJECT_DIR)",
				);
				GCC_PRECOMPILE_PREFIX_HEADER = YES;
				GCC_PREFIX_HEADER = "HitchHike/HitchHike-Prefix.pch";
				INFOPLIST_FILE = "HitchHike/HitchHike-Info.plist";
				IPHONEOS_DEPLOYMENT_TARGET = 7.0;
				PRODUCT_NAME = "$(TARGET_NAME)";
				WRAPPER_EXTENSION = app;
			};
			name = Debug;
		};
		811AF6B219245CF000B0F19F /* Release */ = {
			isa = XCBuildConfiguration;
			buildSettings = {
				ASSETCATALOG_COMPILER_APPICON_NAME = AppIcon;
				ASSETCATALOG_COMPILER_LAUNCHIMAGE_NAME = LaunchImage;
				FRAMEWORK_SEARCH_PATHS = (
					"$(inherited)",
					/Users/BMaC/Desktop,
					"$(PROJECT_DIR)",
				);
				GCC_PRECOMPILE_PREFIX_HEADER = YES;
				GCC_PREFIX_HEADER = "HitchHike/HitchHike-Prefix.pch";
				INFOPLIST_FILE = "HitchHike/HitchHike-Info.plist";
				IPHONEOS_DEPLOYMENT_TARGET = 7.0;
				PRODUCT_NAME = "$(TARGET_NAME)";
				WRAPPER_EXTENSION = app;
			};
			name = Release;
		};
		811AF6B419245CF000B0F19F /* Debug */ = {
			isa = XCBuildConfiguration;
			buildSettings = {
				BUNDLE_LOADER = "$(BUILT_PRODUCTS_DIR)/HitchHike.app/HitchHike";
				FRAMEWORK_SEARCH_PATHS = (
					"$(SDKROOT)/Developer/Library/Frameworks",
					"$(inherited)",
					"$(DEVELOPER_FRAMEWORKS_DIR)",
				);
				GCC_PRECOMPILE_PREFIX_HEADER = YES;
				GCC_PREFIX_HEADER = "HitchHike/HitchHike-Prefix.pch";
				GCC_PREPROCESSOR_DEFINITIONS = (
					"DEBUG=1",
					"$(inherited)",
				);
				INFOPLIST_FILE = "HitchHikeTests/HitchHikeTests-Info.plist";
				PRODUCT_NAME = "$(TARGET_NAME)";
				TEST_HOST = "$(BUNDLE_LOADER)";
				WRAPPER_EXTENSION = xctest;
			};
			name = Debug;
		};
		811AF6B519245CF000B0F19F /* Release */ = {
			isa = XCBuildConfiguration;
			buildSettings = {
				BUNDLE_LOADER = "$(BUILT_PRODUCTS_DIR)/HitchHike.app/HitchHike";
				FRAMEWORK_SEARCH_PATHS = (
					"$(SDKROOT)/Developer/Library/Frameworks",
					"$(inherited)",
					"$(DEVELOPER_FRAMEWORKS_DIR)",
				);
				GCC_PRECOMPILE_PREFIX_HEADER = YES;
				GCC_PREFIX_HEADER = "HitchHike/HitchHike-Prefix.pch";
				INFOPLIST_FILE = "HitchHikeTests/HitchHikeTests-Info.plist";
				PRODUCT_NAME = "$(TARGET_NAME)";
				TEST_HOST = "$(BUNDLE_LOADER)";
				WRAPPER_EXTENSION = xctest;
			};
			name = Release;
		};
/* End XCBuildConfiguration section */

/* Begin XCConfigurationList section */
		811AF67F19245CF000B0F19F /* Build configuration list for PBXProject "HitchHike" */ = {
			isa = XCConfigurationList;
			buildConfigurations = (
				811AF6AE19245CF000B0F19F /* Debug */,
				811AF6AF19245CF000B0F19F /* Release */,
			);
			defaultConfigurationIsVisible = 0;
			defaultConfigurationName = Release;
		};
		811AF6B019245CF000B0F19F /* Build configuration list for PBXNativeTarget "HitchHike" */ = {
			isa = XCConfigurationList;
			buildConfigurations = (
				811AF6B119245CF000B0F19F /* Debug */,
				811AF6B219245CF000B0F19F /* Release */,
			);
			defaultConfigurationIsVisible = 0;
		};
		811AF6B319245CF000B0F19F /* Build configuration list for PBXNativeTarget "HitchHikeTests" */ = {
			isa = XCConfigurationList;
			buildConfigurations = (
				811AF6B419245CF000B0F19F /* Debug */,
				811AF6B519245CF000B0F19F /* Release */,
			);
			defaultConfigurationIsVisible = 0;
		};
/* End XCConfigurationList section */
	};
	rootObject = 811AF67C19245CF000B0F19F /* Project object */;
}
